
Microsoft Visual Studio Solution File, Format Version 12.00
# Visual Studio 14
VisualStudioVersion = 14.0.25420.1
MinimumVisualStudioVersion = 10.0.40219.1
Project("{8BC9CEB8-8B4A-11D0-8D11-00A0C91BC942}") = "net-tool", "net-tool\net-tool.vcxproj", "{698ABBD6-00BD-427F-8497-DDC7B8A6DC61}"
EndProject
Project("{8BC9CEB8-8B4A-11D0-8D11-00A0C91BC942}") = "iproute", "iproute\iproute\iproute.vcxproj", "{AAA67B0D-8C4B-4479-AFD9-BDBB8817B9C8}"
EndProject
Global
	GlobalSection(SolutionConfigurationPlatforms) = preSolution
		Debug|x64 = Debug|x64
		Debug|x86 = Debug|x86
		Release|x64 = Release|x64
		Release|x86 = Release|x86
	EndGlobalSection
	GlobalSection(ProjectConfigurationPlatforms) = postSolution
		{698ABBD6-00BD-427F-8497-DDC7B8A6DC61}.Debug|x64.ActiveCfg = Debug|x64
		{698ABBD6-00BD-427F-8497-DDC7B8A6DC61}.Debug|x64.Build.0 = Debug|x64
		{698ABBD6-00BD-427F-8497-DDC7B8A6DC61}.Debug|x86.ActiveCfg = Debug|Win32
		{698ABBD6-00BD-427F-8497-DDC7B8A6DC61}.Debug|x86.Build.0 = Debug|Win32
		{698ABBD6-00BD-427F-8497-DDC7B8A6DC61}.Release|x64.ActiveCfg = Release|x64
		{698ABBD6-00BD-427F-8497-DDC7B8A6DC61}.Release|x64.Build.0 = Release|x64
		{698ABBD6-00BD-427F-8497-DDC7B8A6DC61}.Release|x86.ActiveCfg = Release|Win32
		{698ABBD6-00BD-427F-8497-DDC7B8A6DC61}.Release|x86.Build.0 = Release|Win32
		{AAA67B0D-8C4B-4479-AFD9-BDBB8817B9C8}.Debug|x64.ActiveCfg = Debug|x64
		{AAA67B0D-8C4B-4479-AFD9-BDBB8817B9C8}.Debug|x64.Build.0 = Debug|x64
		{AAA67B0D-8C4B-4479-AFD9-BDBB8817B9C8}.Debug|x86.ActiveCfg = Debug|Win32
		{AAA67B0D-8C4B-4479-AFD9-BDBB8817B9C8}.Debug|x86.Build.0 = Debug|Win32
		{AAA67B0D-8C4B-4479-AFD9-BDBB8817B9C8}.Release|x64.ActiveCfg = Release|x64
		{AAA67B0D-8C4B-4479-AFD9-BDBB8817B9C8}.Release|x64.Build.0 = Release|x64
		{AAA67B0D-8C4B-4479-AFD9-BDBB8817B9C8}.Release|x86.ActiveCfg = Release|Win32
		{AAA67B0D-8C4B-4479-AFD9-BDBB8817B9C8}.Release|x86.Build.0 = Release|Win32
	EndGlobalSection
	GlobalSection(SolutionProperties) = preSolution
		HideSolutionNode = FALSE
	EndGlobalSection
EndGlobal
